
Microsoft Visual Studio Solution File, Format Version 12.00
# Visual Studio Version 16
VisualStudioVersion = 16.0.31005.135
MinimumVisualStudioVersion = 10.0.40219.1
Project("{9A19103F-16F7-4668-BE54-9A1E7A4F7556}") = "Entities", "Entities\Entities.csproj", "{904D4729-71D0-4E7B-9749-A3D6D4D60242}"
EndProject
Project("{9A19103F-16F7-4668-BE54-9A1E7A4F7556}") = "DataAccess", "DataAccess\DataAccess.csproj", "{713AC638-4880-4B3D-9960-813C73DCA96F}"
EndProject
Project("{9A19103F-16F7-4668-BE54-9A1E7A4F7556}") = "Business", "Business\Business.csproj", "{CBD5BE61-8606-4116-9C43-ADED01B4EB0B}"
EndProject
Project("{9A19103F-16F7-4668-BE54-9A1E7A4F7556}") = "ConsoleUI", "ConsoleUI\ConsoleUI.csproj", "{D6CDABB2-EE32-4C3F-9BB6-74EF8B6B08D1}"
EndProject
Project("{9A19103F-16F7-4668-BE54-9A1E7A4F7556}") = "Core", "Core\Core.csproj", "{D21D7CED-42C1-46AF-B04D-2CC31EB746F2}"
EndProject
Project("{FAE04EC0-301F-11D3-BF4B-00C04F79EFBC}") = "WepAPI", "WepAPI\WepAPI.csproj", "{20939BA1-885D-4DF6-993F-7501882F8489}"
EndProject
Global
	GlobalSection(SolutionConfigurationPlatforms) = preSolution
		Debug|Any CPU = Debug|Any CPU
		Release|Any CPU = Release|Any CPU
	EndGlobalSection
	GlobalSection(ProjectConfigurationPlatforms) = postSolution
		{904D4729-71D0-4E7B-9749-A3D6D4D60242}.Debug|Any CPU.ActiveCfg = Debug|Any CPU
		{904D4729-71D0-4E7B-9749-A3D6D4D60242}.Debug|Any CPU.Build.0 = Debug|Any CPU
		{904D4729-71D0-4E7B-9749-A3D6D4D60242}.Release|Any CPU.ActiveCfg = Release|Any CPU
		{904D4729-71D0-4E7B-9749-A3D6D4D60242}.Release|Any CPU.Build.0 = Release|Any CPU
		{713AC638-4880-4B3D-9960-813C73DCA96F}.Debug|Any CPU.ActiveCfg = Debug|Any CPU
		{713AC638-4880-4B3D-9960-813C73DCA96F}.Debug|Any CPU.Build.0 = Debug|Any CPU
		{713AC638-4880-4B3D-9960-813C73DCA96F}.Release|Any CPU.ActiveCfg = Release|Any CPU
		{713AC638-4880-4B3D-9960-813C73DCA96F}.Release|Any CPU.Build.0 = Release|Any CPU
		{CBD5BE61-8606-4116-9C43-ADED01B4EB0B}.Debug|Any CPU.ActiveCfg = Debug|Any CPU
		{CBD5BE61-8606-4116-9C43-ADED01B4EB0B}.Debug|Any CPU.Build.0 = Debug|Any CPU
		{CBD5BE61-8606-4116-9C43-ADED01B4EB0B}.Release|Any CPU.ActiveCfg = Release|Any CPU
		{CBD5BE61-8606-4116-9C43-ADED01B4EB0B}.Release|Any CPU.Build.0 = Release|Any CPU
		{D6CDABB2-EE32-4C3F-9BB6-74EF8B6B08D1}.Debug|Any CPU.ActiveCfg = Debug|Any CPU
		{D6CDABB2-EE32-4C3F-9BB6-74EF8B6B08D1}.Debug|Any CPU.Build.0 = Debug|Any CPU
		{D6CDABB2-EE32-4C3F-9BB6-74EF8B6B08D1}.Release|Any CPU.ActiveCfg = Release|Any CPU
		{D6CDABB2-EE32-4C3F-9BB6-74EF8B6B08D1}.Release|Any CPU.Build.0 = Release|Any CPU
		{D21D7CED-42C1-46AF-B04D-2CC31EB746F2}.Debug|Any CPU.ActiveCfg = Debug|Any CPU
		{D21D7CED-42C1-46AF-B04D-2CC31EB746F2}.Debug|Any CPU.Build.0 = Debug|Any CPU
		{D21D7CED-42C1-46AF-B04D-2CC31EB746F2}.Release|Any CPU.ActiveCfg = Release|Any CPU
		{D21D7CED-42C1-46AF-B04D-2CC31EB746F2}.Release|Any CPU.Build.0 = Release|Any CPU
		{20939BA1-885D-4DF6-993F-7501882F8489}.Debug|Any CPU.ActiveCfg = Debug|Any CPU
		{20939BA1-885D-4DF6-993F-7501882F8489}.Debug|Any CPU.Build.0 = Debug|Any CPU
		{20939BA1-885D-4DF6-993F-7501882F8489}.Release|Any CPU.ActiveCfg = Release|Any CPU
		{20939BA1-885D-4DF6-993F-7501882F8489}.Release|Any CPU.Build.0 = Release|Any CPU
	EndGlobalSection
	GlobalSection(SolutionProperties) = preSolution
		HideSolutionNode = FALSE
	EndGlobalSection
	GlobalSection(ExtensibilityGlobals) = postSolution
		SolutionGuid = {2A9BDCC6-87EC-4D46-A378-DBEBE386A4B7}
	EndGlobalSection
EndGlobal
