
Microsoft Visual Studio Solution File, Format Version 12.00
# Visual Studio Version 16
VisualStudioVersion = 16.0.31005.135
MinimumVisualStudioVersion = 10.0.40219.1
Project("{FAE04EC0-301F-11D3-BF4B-00C04F79EFBC}") = "Entities", "Entities\Entities.csproj", "{904D4729-71D0-4E7B-9749-A3D6D4D60242}"
EndProject
Global
	GlobalSection(SolutionConfigurationPlatforms) = preSolution
		Debug|Any CPU = Debug|Any CPU
		Release|Any CPU = Release|Any CPU
	EndGlobalSection
	GlobalSection(ProjectConfigurationPlatforms) = postSolution
		{904D4729-71D0-4E7B-9749-A3D6D4D60242}.Debug|Any CPU.ActiveCfg = Debug|Any CPU
		{904D4729-71D0-4E7B-9749-A3D6D4D60242}.Debug|Any CPU.Build.0 = Debug|Any CPU
		{904D4729-71D0-4E7B-9749-A3D6D4D60242}.Release|Any CPU.ActiveCfg = Release|Any CPU
		{904D4729-71D0-4E7B-9749-A3D6D4D60242}.Release|Any CPU.Build.0 = Release|Any CPU
	EndGlobalSection
	GlobalSection(SolutionProperties) = preSolution
		HideSolutionNode = FALSE
	EndGlobalSection
	GlobalSection(ExtensibilityGlobals) = postSolution
		SolutionGuid = {2A9BDCC6-87EC-4D46-A378-DBEBE386A4B7}
	EndGlobalSection
EndGlobal
